
Microsoft Visual Studio Solution File, Format Version 11.00
# Visual Studio 2010
Project("{FAE04EC0-301F-11D3-BF4B-00C04F79EFBC}") = "Assembly-CSharp", "Assembly-CSharp.csproj", "{A08065B5-4483-A468-0129-328FAB2E27E4}"
EndProject
Project("{FAE04EC0-301F-11D3-BF4B-00C04F79EFBC}") = "UniTask", "UniTask.csproj", "{DADC319A-0AFF-91E2-AA28-53025F037E58}"
EndProject
Project("{FAE04EC0-301F-11D3-BF4B-00C04F79EFBC}") = "UniTask.Linq", "UniTask.Linq.csproj", "{8F873527-9770-BE46-CF93-5EF18B2F9AEC}"
EndProject
Project("{FAE04EC0-301F-11D3-BF4B-00C04F79EFBC}") = "UniTask.TextMeshPro", "UniTask.TextMeshPro.csproj", "{5E60744F-B378-7A47-4BDF-BC2F57D02671}"
EndProject
Project("{FAE04EC0-301F-11D3-BF4B-00C04F79EFBC}") = "UniTask.DOTween", "UniTask.DOTween.csproj", "{B579B32C-15E7-160C-660D-04B2787B019E}"
EndProject
Project("{FAE04EC0-301F-11D3-BF4B-00C04F79EFBC}") = "UniTask.Addressables", "UniTask.Addressables.csproj", "{169CA6BC-6F2C-55E4-C260-C31616227837}"
EndProject
Project("{FAE04EC0-301F-11D3-BF4B-00C04F79EFBC}") = "Assembly-CSharp-Editor", "Assembly-CSharp-Editor.csproj", "{27FE7545-2D24-9E5A-8C46-B49FFABC128B}"
EndProject
Project("{FAE04EC0-301F-11D3-BF4B-00C04F79EFBC}") = "UniTask.Editor", "UniTask.Editor.csproj", "{2C00B49E-C961-FED9-403F-B656BC8F1811}"
EndProject
Global
	GlobalSection(SolutionConfigurationPlatforms) = preSolution
		Debug|Any CPU = Debug|Any CPU
		Release|Any CPU = Release|Any CPU
	EndGlobalSection
	GlobalSection(ProjectConfigurationPlatforms) = postSolution
		{A08065B5-4483-A468-0129-328FAB2E27E4}.Debug|Any CPU.ActiveCfg = Debug|Any CPU
		{A08065B5-4483-A468-0129-328FAB2E27E4}.Debug|Any CPU.Build.0 = Debug|Any CPU
		{A08065B5-4483-A468-0129-328FAB2E27E4}.Release|Any CPU.ActiveCfg = Release|Any CPU
		{A08065B5-4483-A468-0129-328FAB2E27E4}.Release|Any CPU.Build.0 = Release|Any CPU
		{DADC319A-0AFF-91E2-AA28-53025F037E58}.Debug|Any CPU.ActiveCfg = Debug|Any CPU
		{DADC319A-0AFF-91E2-AA28-53025F037E58}.Debug|Any CPU.Build.0 = Debug|Any CPU
		{DADC319A-0AFF-91E2-AA28-53025F037E58}.Release|Any CPU.ActiveCfg = Release|Any CPU
		{DADC319A-0AFF-91E2-AA28-53025F037E58}.Release|Any CPU.Build.0 = Release|Any CPU
		{8F873527-9770-BE46-CF93-5EF18B2F9AEC}.Debug|Any CPU.ActiveCfg = Debug|Any CPU
		{8F873527-9770-BE46-CF93-5EF18B2F9AEC}.Debug|Any CPU.Build.0 = Debug|Any CPU
		{8F873527-9770-BE46-CF93-5EF18B2F9AEC}.Release|Any CPU.ActiveCfg = Release|Any CPU
		{8F873527-9770-BE46-CF93-5EF18B2F9AEC}.Release|Any CPU.Build.0 = Release|Any CPU
		{5E60744F-B378-7A47-4BDF-BC2F57D02671}.Debug|Any CPU.ActiveCfg = Debug|Any CPU
		{5E60744F-B378-7A47-4BDF-BC2F57D02671}.Debug|Any CPU.Build.0 = Debug|Any CPU
		{5E60744F-B378-7A47-4BDF-BC2F57D02671}.Release|Any CPU.ActiveCfg = Release|Any CPU
		{5E60744F-B378-7A47-4BDF-BC2F57D02671}.Release|Any CPU.Build.0 = Release|Any CPU
		{B579B32C-15E7-160C-660D-04B2787B019E}.Debug|Any CPU.ActiveCfg = Debug|Any CPU
		{B579B32C-15E7-160C-660D-04B2787B019E}.Debug|Any CPU.Build.0 = Debug|Any CPU
		{B579B32C-15E7-160C-660D-04B2787B019E}.Release|Any CPU.ActiveCfg = Release|Any CPU
		{B579B32C-15E7-160C-660D-04B2787B019E}.Release|Any CPU.Build.0 = Release|Any CPU
		{169CA6BC-6F2C-55E4-C260-C31616227837}.Debug|Any CPU.ActiveCfg = Debug|Any CPU
		{169CA6BC-6F2C-55E4-C260-C31616227837}.Debug|Any CPU.Build.0 = Debug|Any CPU
		{169CA6BC-6F2C-55E4-C260-C31616227837}.Release|Any CPU.ActiveCfg = Release|Any CPU
		{169CA6BC-6F2C-55E4-C260-C31616227837}.Release|Any CPU.Build.0 = Release|Any CPU
		{27FE7545-2D24-9E5A-8C46-B49FFABC128B}.Debug|Any CPU.ActiveCfg = Debug|Any CPU
		{27FE7545-2D24-9E5A-8C46-B49FFABC128B}.Debug|Any CPU.Build.0 = Debug|Any CPU
		{27FE7545-2D24-9E5A-8C46-B49FFABC128B}.Release|Any CPU.ActiveCfg = Release|Any CPU
		{27FE7545-2D24-9E5A-8C46-B49FFABC128B}.Release|Any CPU.Build.0 = Release|Any CPU
		{2C00B49E-C961-FED9-403F-B656BC8F1811}.Debug|Any CPU.ActiveCfg = Debug|Any CPU
		{2C00B49E-C961-FED9-403F-B656BC8F1811}.Debug|Any CPU.Build.0 = Debug|Any CPU
		{2C00B49E-C961-FED9-403F-B656BC8F1811}.Release|Any CPU.ActiveCfg = Release|Any CPU
		{2C00B49E-C961-FED9-403F-B656BC8F1811}.Release|Any CPU.Build.0 = Release|Any CPU
	EndGlobalSection
	GlobalSection(SolutionProperties) = preSolution
		HideSolutionNode = FALSE
	EndGlobalSection
	GlobalSection(MonoDevelopProperties) = preSolution
		StartupItem = Assembly-CSharp.csproj
	EndGlobalSection
EndGlobal
